
Microsoft Visual Studio Solution File, Format Version 12.00
# Visual Studio 15
VisualStudioVersion = 15.0.26228.10
MinimumVisualStudioVersion = 10.0.40219.1
Project("{FAE04EC0-301F-11D3-BF4B-00C04F79EFBC}") = "Lind.Microsoft.Core", "Lind.Core\Lind.Microsoft.Core.csproj", "{4C0895D8-0F40-42C8-A803-5BFD3571F65F}"
EndProject
Project("{FAE04EC0-301F-11D3-BF4B-00C04F79EFBC}") = "Lind.Microsoft.Core.Tests", "Lind.Core.Tests\Lind.Microsoft.Core.Tests.csproj", "{21439149-6D10-43B0-BD3A-9FDBB88C7BC3}"
EndProject
Project("{2150E333-8FDC-42A3-9474-1A3956D46DE8}") = "Core", "Core", "{EDED8FBB-72C2-43F2-AAE0-0EB825009C26}"
EndProject
Project("{9A19103F-16F7-4668-BE54-9A1E7A4F7556}") = "Lind.Microsoft.Prism", "Lind.Microsoft.Prism\Lind.Microsoft.Prism.csproj", "{A1ABE086-0853-46D1-A8B3-6C0847EB3460}"
EndProject
Project("{9A19103F-16F7-4668-BE54-9A1E7A4F7556}") = "Lind.Microsoft.Core.Web.Reference", "Lind.Microsoft.Core.Web.Reference\Lind.Microsoft.Core.Web.Reference.csproj", "{66BD598A-311C-4E79-A4A8-7AA8ADF49F86}"
EndProject
Project("{2150E333-8FDC-42A3-9474-1A3956D46DE8}") = "Web", "Web", "{5BEC830F-EAE5-4692-B9C8-C2F9138C7D75}"
EndProject
Global
	GlobalSection(SolutionConfigurationPlatforms) = preSolution
		Debug|Any CPU = Debug|Any CPU
		Release|Any CPU = Release|Any CPU
	EndGlobalSection
	GlobalSection(ProjectConfigurationPlatforms) = postSolution
		{4C0895D8-0F40-42C8-A803-5BFD3571F65F}.Debug|Any CPU.ActiveCfg = Debug|Any CPU
		{4C0895D8-0F40-42C8-A803-5BFD3571F65F}.Debug|Any CPU.Build.0 = Debug|Any CPU
		{4C0895D8-0F40-42C8-A803-5BFD3571F65F}.Release|Any CPU.ActiveCfg = Release|Any CPU
		{4C0895D8-0F40-42C8-A803-5BFD3571F65F}.Release|Any CPU.Build.0 = Release|Any CPU
		{21439149-6D10-43B0-BD3A-9FDBB88C7BC3}.Debug|Any CPU.ActiveCfg = Debug|Any CPU
		{21439149-6D10-43B0-BD3A-9FDBB88C7BC3}.Debug|Any CPU.Build.0 = Debug|Any CPU
		{21439149-6D10-43B0-BD3A-9FDBB88C7BC3}.Release|Any CPU.ActiveCfg = Release|Any CPU
		{21439149-6D10-43B0-BD3A-9FDBB88C7BC3}.Release|Any CPU.Build.0 = Release|Any CPU
		{A1ABE086-0853-46D1-A8B3-6C0847EB3460}.Debug|Any CPU.ActiveCfg = Debug|Any CPU
		{A1ABE086-0853-46D1-A8B3-6C0847EB3460}.Debug|Any CPU.Build.0 = Debug|Any CPU
		{A1ABE086-0853-46D1-A8B3-6C0847EB3460}.Release|Any CPU.ActiveCfg = Release|Any CPU
		{A1ABE086-0853-46D1-A8B3-6C0847EB3460}.Release|Any CPU.Build.0 = Release|Any CPU
		{66BD598A-311C-4E79-A4A8-7AA8ADF49F86}.Debug|Any CPU.ActiveCfg = Debug|Any CPU
		{66BD598A-311C-4E79-A4A8-7AA8ADF49F86}.Debug|Any CPU.Build.0 = Debug|Any CPU
		{66BD598A-311C-4E79-A4A8-7AA8ADF49F86}.Release|Any CPU.ActiveCfg = Release|Any CPU
		{66BD598A-311C-4E79-A4A8-7AA8ADF49F86}.Release|Any CPU.Build.0 = Release|Any CPU
	EndGlobalSection
	GlobalSection(SolutionProperties) = preSolution
		HideSolutionNode = FALSE
	EndGlobalSection
	GlobalSection(NestedProjects) = preSolution
		{4C0895D8-0F40-42C8-A803-5BFD3571F65F} = {EDED8FBB-72C2-43F2-AAE0-0EB825009C26}
		{21439149-6D10-43B0-BD3A-9FDBB88C7BC3} = {EDED8FBB-72C2-43F2-AAE0-0EB825009C26}
		{66BD598A-311C-4E79-A4A8-7AA8ADF49F86} = {5BEC830F-EAE5-4692-B9C8-C2F9138C7D75}
		{5BEC830F-EAE5-4692-B9C8-C2F9138C7D75} = {EDED8FBB-72C2-43F2-AAE0-0EB825009C26}
	EndGlobalSection
EndGlobal
